
Microsoft Visual Studio Solution File, Format Version 12.00
# Visual Studio Version 17
VisualStudioVersion = 17.2.32526.322
MinimumVisualStudioVersion = 10.0.40219.1
Project("{8BC9CEB8-8B4A-11D0-8D11-00A0C91BC942}") = "MicroPKICA", "MicroPKICA\MicroPKICA.vcxproj", "{25BB42E4-26BB-457E-A17B-38CB0BA81DF2}"
EndProject
Global
	GlobalSection(SolutionConfigurationPlatforms) = preSolution
		Debug|x64 = Debug|x64
		Debug|x86 = Debug|x86
		Release|x64 = Release|x64
		Release|x86 = Release|x86
	EndGlobalSection
	GlobalSection(ProjectConfigurationPlatforms) = postSolution
		{25BB42E4-26BB-457E-A17B-38CB0BA81DF2}.Debug|x64.ActiveCfg = Debug|x64
		{25BB42E4-26BB-457E-A17B-38CB0BA81DF2}.Debug|x64.Build.0 = Debug|x64
		{25BB42E4-26BB-457E-A17B-38CB0BA81DF2}.Debug|x86.ActiveCfg = Debug|Win32
		{25BB42E4-26BB-457E-A17B-38CB0BA81DF2}.Debug|x86.Build.0 = Debug|Win32
		{25BB42E4-26BB-457E-A17B-38CB0BA81DF2}.Release|x64.ActiveCfg = Release|x64
		{25BB42E4-26BB-457E-A17B-38CB0BA81DF2}.Release|x64.Build.0 = Release|x64
		{25BB42E4-26BB-457E-A17B-38CB0BA81DF2}.Release|x86.ActiveCfg = Release|Win32
		{25BB42E4-26BB-457E-A17B-38CB0BA81DF2}.Release|x86.Build.0 = Release|Win32
	EndGlobalSection
	GlobalSection(SolutionProperties) = preSolution
		HideSolutionNode = FALSE
	EndGlobalSection
	GlobalSection(ExtensibilityGlobals) = postSolution
		SolutionGuid = {2F7E06C8-428A-448A-89BB-77CDDB5A58A1}
	EndGlobalSection
EndGlobal
